// !$*UTF8*$!
{
	archiveVersion = 1;
	classes = {
	};
	objectVersion = 46;
	objects = {

/* Begin PBXBuildFile section */
		02AA5E0B14D57AF2004CE70D /* Gradient.m in Sources */ = {isa = PBXBuildFile; fileRef = 02AA5E0614D57AF2004CE70D /* Gradient.m */; };
		02AA5E0C14D57AF2004CE70D /* GradientNode.m in Sources */ = {isa = PBXBuildFile; fileRef = 02AA5E0814D57AF2004CE70D /* GradientNode.m */; };
		02AA5E0D14D57AF2004CE70D /* GradientView.m in Sources */ = {isa = PBXBuildFile; fileRef = 02AA5E0A14D57AF2004CE70D /* GradientView.m */; };
		02AA5E3814D59768004CE70D /* CoreLocation.framework in Frameworks */ = {isa = PBXBuildFile; fileRef = 02AA5E3714D59768004CE70D /* CoreLocation.framework */; };
		02AA5E3C14D597DB004CE70D /* MKMapView+ZoomLevel.m in Sources */ = {isa = PBXBuildFile; fileRef = 02AA5E3B14D597DB004CE70D /* MKMapView+ZoomLevel.m */; };
		02C8A2B514C97CA60021F408 /* UIKit.framework in Frameworks */ = {isa = PBXBuildFile; fileRef = 02C8A2B414C97CA60021F408 /* UIKit.framework */; };
		02C8A2B714C97CA60021F408 /* Foundation.framework in Frameworks */ = {isa = PBXBuildFile; fileRef = 02C8A2B614C97CA60021F408 /* Foundation.framework */; };
		02C8A2B914C97CA60021F408 /* CoreGraphics.framework in Frameworks */ = {isa = PBXBuildFile; fileRef = 02C8A2B814C97CA60021F408 /* CoreGraphics.framework */; };
		02C8A2BF14C97CA60021F408 /* InfoPlist.strings in Resources */ = {isa = PBXBuildFile; fileRef = 02C8A2BD14C97CA60021F408 /* InfoPlist.strings */; };
		02C8A2C114C97CA60021F408 /* main.m in Sources */ = {isa = PBXBuildFile; fileRef = 02C8A2C014C97CA60021F408 /* main.m */; };
		02C8A2C514C97CA60021F408 /* IFAppDelegate.m in Sources */ = {isa = PBXBuildFile; fileRef = 02C8A2C414C97CA60021F408 /* IFAppDelegate.m */; };
		02C8A2CC14C97CC00021F408 /* MapKit.framework in Frameworks */ = {isa = PBXBuildFile; fileRef = 02C8A2CB14C97CC00021F408 /* MapKit.framework */; };
		02C8A2CE14C97CC80021F408 /* QuartzCore.framework in Frameworks */ = {isa = PBXBuildFile; fileRef = 02C8A2CD14C97CC80021F408 /* QuartzCore.framework */; };
		0A199B9C1C2178CD377EE7F1 /* MedicineListViewController_Image_2.png in Resources */ = {isa = PBXBuildFile; fileRef = 955393A935A411E5BF20748C /* MedicineListViewController_Image_2.png */; };
		1DF1240912159F1290E670A3 /* DoctorSInfoViewController.m in Sources */ = {isa = PBXBuildFile; fileRef = 6C23B63DBD093217172231D1 /* DoctorSInfoViewController.m */; };
		1E9CFA7D6B926C2C1C262069 /* MedicineListViewController_Image_4.png in Resources */ = {isa = PBXBuildFile; fileRef = C87CCA8BA36488D792E82CEF /* MedicineListViewController_Image_4.png */; };
		21EEC0571375EA42EC9DEE03 /* LogListViewController.m in Sources */ = {isa = PBXBuildFile; fileRef = 4FDBC1CAB47ADF5F1060941D /* LogListViewController.m */; };
		2CBE85219E34A572543BEF87 /* SettingsViewController_Image_5.png in Resources */ = {isa = PBXBuildFile; fileRef = 144154E10BA773AC20021D78 /* SettingsViewController_Image_5.png */; };
		33D6DEF111C570178163337B /* MainScreenViewController_Image_6.png in Resources */ = {isa = PBXBuildFile; fileRef = F510B500D0BF13C1DD60BD8D /* MainScreenViewController_Image_6.png */; };
		5049BFC61D0285E9468601CD /* MainScreenViewController_Image_1.png in Resources */ = {isa = PBXBuildFile; fileRef = 776409082E77810979AB5394 /* MainScreenViewController_Image_1.png */; };
		50500B88FAFFC6C3822A6E4A /* MedicineListViewController_Image_1.png in Resources */ = {isa = PBXBuildFile; fileRef = 8FFC6DC44CD71EB3110B5882 /* MedicineListViewController_Image_1.png */; };
		6FB280D9116C2FF7F1CBA557 /* ShareLogViewController.m in Sources */ = {isa = PBXBuildFile; fileRef = B6B6EE88A08252231C7F2392 /* ShareLogViewController.m */; };
		7125852C4129B291F27A5F3A /* EditDoctorSInfoViewController.m in Sources */ = {isa = PBXBuildFile; fileRef = 052658C1A7AC38FB097CBC88 /* EditDoctorSInfoViewController.m */; };
		7EA1CEF2B0529C5AB73A9C35 /* MainScreenViewController_Image_4.png in Resources */ = {isa = PBXBuildFile; fileRef = 521C53D711087EB2AC563C98 /* MainScreenViewController_Image_4.png */; };
		7F956B07C2CEB0384BBF36C3 /* SettingsViewController_Image_3.png in Resources */ = {isa = PBXBuildFile; fileRef = 05C3826F610BD0371FB2D6E8 /* SettingsViewController_Image_3.png */; };
		8418B4EA6FB5C316638942A7 /* MedicineListViewController_Image_5.png in Resources */ = {isa = PBXBuildFile; fileRef = 03F58A51B9F785DD998BBB76 /* MedicineListViewController_Image_5.png */; };
		924C577B16FBEF84004865AF /* MainScreenViewController_Image_2.png in Resources */ = {isa = PBXBuildFile; fileRef = 924C577A16FBEF84004865AF /* MainScreenViewController_Image_2.png */; };
		97657613BF07367D130ACD17 /* DoctorSInfoViewController_Image_4.png in Resources */ = {isa = PBXBuildFile; fileRef = 84F844552EA39FF66FE008D8 /* DoctorSInfoViewController_Image_4.png */; };
		9AE5AB676A65B27104A70F41 /* SettingsViewController_Image_2.png in Resources */ = {isa = PBXBuildFile; fileRef = 6BBD8E4F62065DB0FF4E64E5 /* SettingsViewController_Image_2.png */; };
		9E7D0CF134616E0C5A66E4DF /* DoctorSInfoViewController_Image_3.png in Resources */ = {isa = PBXBuildFile; fileRef = D938DB42633BFB4160F5321D /* DoctorSInfoViewController_Image_3.png */; };
		9F88A0CF48FD1DD7FC8B3F4E /* SettingsViewController_Image_1.png in Resources */ = {isa = PBXBuildFile; fileRef = 155ADDC71D6A38495922D39B /* SettingsViewController_Image_1.png */; };
		A33D85C4C9D582A6B89E63A5 /* MainScreenViewController_Image_3.png in Resources */ = {isa = PBXBuildFile; fileRef = CA826413C0D56BCD00524B0C /* MainScreenViewController_Image_3.png */; };
		A7B416805716A43A4E823369 /* MedicineListViewController_Image_3.png in Resources */ = {isa = PBXBuildFile; fileRef = 7BF50773A45E9604EBADE300 /* MedicineListViewController_Image_3.png */; };
		BF854C75289627F5246FEEDC /* MainScreenViewController_Image_5.png in Resources */ = {isa = PBXBuildFile; fileRef = 52AC0630122D1A0EBA6C622D /* MainScreenViewController_Image_5.png */; };
		C148432528F851EA6C112618 /* MainScreenViewController.m in Sources */ = {isa = PBXBuildFile; fileRef = A8FED3496425313A0D662DF7 /* MainScreenViewController.m */; };
		C7BE6DD8AB6D15E4A46282DB /* MedicineListViewController.m in Sources */ = {isa = PBXBuildFile; fileRef = 69BEA2A4C35D98F715659A64 /* MedicineListViewController.m */; };
		D2C1CB0DDAF8A3D3122E61BF /* LogInViewController.m in Sources */ = {isa = PBXBuildFile; fileRef = 66BCA95ACD22B0EFE5F94F7F /* LogInViewController.m */; };
		D55FA3D08D310337465C7D2C /* DoctorSInfoViewController_Image_2.png in Resources */ = {isa = PBXBuildFile; fileRef = 9D16CE79EF5DAB9470033989 /* DoctorSInfoViewController_Image_2.png */; };
		D6341612670E8A2EA7904EA4 /* SettingsViewController_Image_4.png in Resources */ = {isa = PBXBuildFile; fileRef = 7F07D26BD25F29AA98E31329 /* SettingsViewController_Image_4.png */; };
		DFE8404DF1E6BDF31A08B4E0 /* EditLogEntryViewController.m in Sources */ = {isa = PBXBuildFile; fileRef = 7F4B14EC5FD48A05992E5772 /* EditLogEntryViewController.m */; };
		E749473491A93BD755454116 /* LogListViewController_Image_1.png in Resources */ = {isa = PBXBuildFile; fileRef = CF6C25B0F5212ED10202A6DE /* LogListViewController_Image_1.png */; };
		EF2A4D2207B3FA56F3C27F9A /* DoctorSInfoViewController_Image_1.png in Resources */ = {isa = PBXBuildFile; fileRef = 68BC42A3334F78242D25AEAB /* DoctorSInfoViewController_Image_1.png */; };
		EF3025B0F84869800D06C522 /* LogEntryViewController.m in Sources */ = {isa = PBXBuildFile; fileRef = A70071A80B97781F1C65288A /* LogEntryViewController.m */; };
		FADACE210B19E8A5435AA092 /* SettingsViewController.m in Sources */ = {isa = PBXBuildFile; fileRef = FCFA383967332E5E6B7700A9 /* SettingsViewController.m */; };
		FD13D9E9863D9265B65FF610 /* EditPersonalInfoViewController.m in Sources */ = {isa = PBXBuildFile; fileRef = F612030F3058AA2B68898A3E /* EditPersonalInfoViewController.m */; };
/* End PBXBuildFile section */

/* Begin PBXFileReference section */
		02AA5E0514D57AF2004CE70D /* Gradient.h */ = {isa = PBXFileReference; fileEncoding = 4; lastKnownFileType = sourcecode.c.h; path = Gradient.h; sourceTree = "<group>"; };
		02AA5E0614D57AF2004CE70D /* Gradient.m */ = {isa = PBXFileReference; fileEncoding = 4; lastKnownFileType = sourcecode.c.objc; path = Gradient.m; sourceTree = "<group>"; };
		02AA5E0714D57AF2004CE70D /* GradientNode.h */ = {isa = PBXFileReference; fileEncoding = 4; lastKnownFileType = sourcecode.c.h; path = GradientNode.h; sourceTree = "<group>"; };
		02AA5E0814D57AF2004CE70D /* GradientNode.m */ = {isa = PBXFileReference; fileEncoding = 4; lastKnownFileType = sourcecode.c.objc; path = GradientNode.m; sourceTree = "<group>"; };
		02AA5E0914D57AF2004CE70D /* GradientView.h */ = {isa = PBXFileReference; fileEncoding = 4; lastKnownFileType = sourcecode.c.h; path = GradientView.h; sourceTree = "<group>"; };
		02AA5E0A14D57AF2004CE70D /* GradientView.m */ = {isa = PBXFileReference; fileEncoding = 4; lastKnownFileType = sourcecode.c.objc; path = GradientView.m; sourceTree = "<group>"; };
		02AA5E3714D59768004CE70D /* CoreLocation.framework */ = {isa = PBXFileReference; lastKnownFileType = wrapper.framework; name = CoreLocation.framework; path = System/Library/Frameworks/CoreLocation.framework; sourceTree = SDKROOT; };
		02AA5E3A14D597DB004CE70D /* MKMapView+ZoomLevel.h */ = {isa = PBXFileReference; fileEncoding = 4; lastKnownFileType = sourcecode.c.h; path = "MKMapView+ZoomLevel.h"; sourceTree = "<group>"; };
		02AA5E3B14D597DB004CE70D /* MKMapView+ZoomLevel.m */ = {isa = PBXFileReference; fileEncoding = 4; lastKnownFileType = sourcecode.c.objc; path = "MKMapView+ZoomLevel.m"; sourceTree = "<group>"; };
		02C8A2B014C97CA60021F408 /* Interface Export.app */ = {isa = PBXFileReference; explicitFileType = wrapper.application; includeInIndex = 0; path = "Interface Export.app"; sourceTree = BUILT_PRODUCTS_DIR; };
		02C8A2B414C97CA60021F408 /* UIKit.framework */ = {isa = PBXFileReference; lastKnownFileType = wrapper.framework; name = UIKit.framework; path = System/Library/Frameworks/UIKit.framework; sourceTree = SDKROOT; };
		02C8A2B614C97CA60021F408 /* Foundation.framework */ = {isa = PBXFileReference; lastKnownFileType = wrapper.framework; name = Foundation.framework; path = System/Library/Frameworks/Foundation.framework; sourceTree = SDKROOT; };
		02C8A2B814C97CA60021F408 /* CoreGraphics.framework */ = {isa = PBXFileReference; lastKnownFileType = wrapper.framework; name = CoreGraphics.framework; path = System/Library/Frameworks/CoreGraphics.framework; sourceTree = SDKROOT; };
		02C8A2BC14C97CA60021F408 /* Interface Export-Info.plist */ = {isa = PBXFileReference; lastKnownFileType = text.plist.xml; path = "Interface Export-Info.plist"; sourceTree = "<group>"; };
		02C8A2BE14C97CA60021F408 /* en */ = {isa = PBXFileReference; lastKnownFileType = text.plist.strings; name = en; path = en.lproj/InfoPlist.strings; sourceTree = "<group>"; };
		02C8A2C014C97CA60021F408 /* main.m */ = {isa = PBXFileReference; lastKnownFileType = sourcecode.c.objc; path = main.m; sourceTree = "<group>"; };
		02C8A2C214C97CA60021F408 /* Interface Export-Prefix.pch */ = {isa = PBXFileReference; lastKnownFileType = sourcecode.c.h; path = "Interface Export-Prefix.pch"; sourceTree = "<group>"; };
		02C8A2C314C97CA60021F408 /* IFAppDelegate.h */ = {isa = PBXFileReference; lastKnownFileType = sourcecode.c.h; path = IFAppDelegate.h; sourceTree = "<group>"; };
		02C8A2C414C97CA60021F408 /* IFAppDelegate.m */ = {isa = PBXFileReference; lastKnownFileType = sourcecode.c.objc; path = IFAppDelegate.m; sourceTree = "<group>"; };
		02C8A2CB14C97CC00021F408 /* MapKit.framework */ = {isa = PBXFileReference; lastKnownFileType = wrapper.framework; name = MapKit.framework; path = System/Library/Frameworks/MapKit.framework; sourceTree = SDKROOT; };
		02C8A2CD14C97CC80021F408 /* QuartzCore.framework */ = {isa = PBXFileReference; lastKnownFileType = wrapper.framework; name = QuartzCore.framework; path = System/Library/Frameworks/QuartzCore.framework; sourceTree = SDKROOT; };
		03F58A51B9F785DD998BBB76 /* MedicineListViewController_Image_5.png */ = {isa = PBXFileReference; lastKnownFileType = image.png; path = MedicineListViewController_Image_5.png; sourceTree = "<group>"; };
		052658C1A7AC38FB097CBC88 /* EditDoctorSInfoViewController.m */ = {isa = PBXFileReference; lastKnownFileType = sourcecode.c.objc; path = EditDoctorSInfoViewController.m; sourceTree = "<group>"; };
		05C3826F610BD0371FB2D6E8 /* SettingsViewController_Image_3.png */ = {isa = PBXFileReference; lastKnownFileType = image.png; path = SettingsViewController_Image_3.png; sourceTree = "<group>"; };
		0AE1F8C0E1DAF2B2B7F277A6 /* EditLogEntryViewController.h */ = {isa = PBXFileReference; lastKnownFileType = sourcecode.c.h; path = EditLogEntryViewController.h; sourceTree = "<group>"; };
		144154E10BA773AC20021D78 /* SettingsViewController_Image_5.png */ = {isa = PBXFileReference; lastKnownFileType = image.png; path = SettingsViewController_Image_5.png; sourceTree = "<group>"; };
		155ADDC71D6A38495922D39B /* SettingsViewController_Image_1.png */ = {isa = PBXFileReference; lastKnownFileType = image.png; path = SettingsViewController_Image_1.png; sourceTree = "<group>"; };
		3B03766194F932B915BC82A5 /* LogListViewController.h */ = {isa = PBXFileReference; lastKnownFileType = sourcecode.c.h; path = LogListViewController.h; sourceTree = "<group>"; };
		416BC2C260443C701CC31399 /* LogEntryViewController.h */ = {isa = PBXFileReference; lastKnownFileType = sourcecode.c.h; path = LogEntryViewController.h; sourceTree = "<group>"; };
		4FDBC1CAB47ADF5F1060941D /* LogListViewController.m */ = {isa = PBXFileReference; lastKnownFileType = sourcecode.c.objc; path = LogListViewController.m; sourceTree = "<group>"; };
		521C53D711087EB2AC563C98 /* MainScreenViewController_Image_4.png */ = {isa = PBXFileReference; lastKnownFileType = image.png; path = MainScreenViewController_Image_4.png; sourceTree = "<group>"; };
		52AC0630122D1A0EBA6C622D /* MainScreenViewController_Image_5.png */ = {isa = PBXFileReference; lastKnownFileType = image.png; path = MainScreenViewController_Image_5.png; sourceTree = "<group>"; };
		66BCA95ACD22B0EFE5F94F7F /* LogInViewController.m */ = {isa = PBXFileReference; lastKnownFileType = sourcecode.c.objc; path = LogInViewController.m; sourceTree = "<group>"; };
		68BC42A3334F78242D25AEAB /* DoctorSInfoViewController_Image_1.png */ = {isa = PBXFileReference; lastKnownFileType = image.png; path = DoctorSInfoViewController_Image_1.png; sourceTree = "<group>"; };
		69BEA2A4C35D98F715659A64 /* MedicineListViewController.m */ = {isa = PBXFileReference; lastKnownFileType = sourcecode.c.objc; path = MedicineListViewController.m; sourceTree = "<group>"; };
		6BBD8E4F62065DB0FF4E64E5 /* SettingsViewController_Image_2.png */ = {isa = PBXFileReference; lastKnownFileType = image.png; path = SettingsViewController_Image_2.png; sourceTree = "<group>"; };
		6C23B63DBD093217172231D1 /* DoctorSInfoViewController.m */ = {isa = PBXFileReference; lastKnownFileType = sourcecode.c.objc; path = DoctorSInfoViewController.m; sourceTree = "<group>"; };
		720FB0C76C9FD5E735E31C98 /* MainScreenViewController.h */ = {isa = PBXFileReference; lastKnownFileType = sourcecode.c.h; path = MainScreenViewController.h; sourceTree = "<group>"; };
		776409082E77810979AB5394 /* MainScreenViewController_Image_1.png */ = {isa = PBXFileReference; lastKnownFileType = image.png; path = MainScreenViewController_Image_1.png; sourceTree = "<group>"; };
		7BF50773A45E9604EBADE300 /* MedicineListViewController_Image_3.png */ = {isa = PBXFileReference; lastKnownFileType = image.png; path = MedicineListViewController_Image_3.png; sourceTree = "<group>"; };
		7F07D26BD25F29AA98E31329 /* SettingsViewController_Image_4.png */ = {isa = PBXFileReference; lastKnownFileType = image.png; path = SettingsViewController_Image_4.png; sourceTree = "<group>"; };
		7F4B14EC5FD48A05992E5772 /* EditLogEntryViewController.m */ = {isa = PBXFileReference; lastKnownFileType = sourcecode.c.objc; path = EditLogEntryViewController.m; sourceTree = "<group>"; };
		84F844552EA39FF66FE008D8 /* DoctorSInfoViewController_Image_4.png */ = {isa = PBXFileReference; lastKnownFileType = image.png; path = DoctorSInfoViewController_Image_4.png; sourceTree = "<group>"; };
		8D4C10EF3FFCFD5FD158CB08 /* SettingsViewController.h */ = {isa = PBXFileReference; lastKnownFileType = sourcecode.c.h; path = SettingsViewController.h; sourceTree = "<group>"; };
		8FFC6DC44CD71EB3110B5882 /* MedicineListViewController_Image_1.png */ = {isa = PBXFileReference; lastKnownFileType = image.png; path = MedicineListViewController_Image_1.png; sourceTree = "<group>"; };
		924C577A16FBEF84004865AF /* MainScreenViewController_Image_2.png */ = {isa = PBXFileReference; lastKnownFileType = image.png; path = MainScreenViewController_Image_2.png; sourceTree = "<group>"; };
		955393A935A411E5BF20748C /* MedicineListViewController_Image_2.png */ = {isa = PBXFileReference; lastKnownFileType = image.png; path = MedicineListViewController_Image_2.png; sourceTree = "<group>"; };
		9D16CE79EF5DAB9470033989 /* DoctorSInfoViewController_Image_2.png */ = {isa = PBXFileReference; lastKnownFileType = image.png; path = DoctorSInfoViewController_Image_2.png; sourceTree = "<group>"; };
		9F84CCE630AD9DE230971FE0 /* ShareLogViewController.h */ = {isa = PBXFileReference; lastKnownFileType = sourcecode.c.h; path = ShareLogViewController.h; sourceTree = "<group>"; };
		A70071A80B97781F1C65288A /* LogEntryViewController.m */ = {isa = PBXFileReference; lastKnownFileType = sourcecode.c.objc; path = LogEntryViewController.m; sourceTree = "<group>"; };
		A8FED3496425313A0D662DF7 /* MainScreenViewController.m */ = {isa = PBXFileReference; lastKnownFileType = sourcecode.c.objc; path = MainScreenViewController.m; sourceTree = "<group>"; };
		B6B6EE88A08252231C7F2392 /* ShareLogViewController.m */ = {isa = PBXFileReference; lastKnownFileType = sourcecode.c.objc; path = ShareLogViewController.m; sourceTree = "<group>"; };
		BC8B4CD3204CAED81E66B236 /* EditPersonalInfoViewController.h */ = {isa = PBXFileReference; lastKnownFileType = sourcecode.c.h; path = EditPersonalInfoViewController.h; sourceTree = "<group>"; };
		C3120C3C9C749229C902A8A1 /* DoctorSInfoViewController.h */ = {isa = PBXFileReference; lastKnownFileType = sourcecode.c.h; path = DoctorSInfoViewController.h; sourceTree = "<group>"; };
		C87CCA8BA36488D792E82CEF /* MedicineListViewController_Image_4.png */ = {isa = PBXFileReference; lastKnownFileType = image.png; path = MedicineListViewController_Image_4.png; sourceTree = "<group>"; };
		CA826413C0D56BCD00524B0C /* MainScreenViewController_Image_3.png */ = {isa = PBXFileReference; lastKnownFileType = image.png; path = MainScreenViewController_Image_3.png; sourceTree = "<group>"; };
		CF6C25B0F5212ED10202A6DE /* LogListViewController_Image_1.png */ = {isa = PBXFileReference; lastKnownFileType = image.png; path = LogListViewController_Image_1.png; sourceTree = "<group>"; };
		D2121D82739BC563C9733156 /* LogInViewController.h */ = {isa = PBXFileReference; lastKnownFileType = sourcecode.c.h; path = LogInViewController.h; sourceTree = "<group>"; };
		D938DB42633BFB4160F5321D /* DoctorSInfoViewController_Image_3.png */ = {isa = PBXFileReference; lastKnownFileType = image.png; path = DoctorSInfoViewController_Image_3.png; sourceTree = "<group>"; };
		F09725590ED2384C401B65D4 /* MedicineListViewController.h */ = {isa = PBXFileReference; lastKnownFileType = sourcecode.c.h; path = MedicineListViewController.h; sourceTree = "<group>"; };
		F30722E4424C256F6401CBDD /* EditDoctorSInfoViewController.h */ = {isa = PBXFileReference; lastKnownFileType = sourcecode.c.h; path = EditDoctorSInfoViewController.h; sourceTree = "<group>"; };
		F510B500D0BF13C1DD60BD8D /* MainScreenViewController_Image_6.png */ = {isa = PBXFileReference; lastKnownFileType = image.png; path = MainScreenViewController_Image_6.png; sourceTree = "<group>"; };
		F612030F3058AA2B68898A3E /* EditPersonalInfoViewController.m */ = {isa = PBXFileReference; lastKnownFileType = sourcecode.c.objc; path = EditPersonalInfoViewController.m; sourceTree = "<group>"; };
		FCFA383967332E5E6B7700A9 /* SettingsViewController.m */ = {isa = PBXFileReference; lastKnownFileType = sourcecode.c.objc; path = SettingsViewController.m; sourceTree = "<group>"; };
/* End PBXFileReference section */

/* Begin PBXFrameworksBuildPhase section */
		02C8A2AD14C97CA60021F408 /* Frameworks */ = {
			isa = PBXFrameworksBuildPhase;
			buildActionMask = 2147483647;
			files = (
				02C8A2CE14C97CC80021F408 /* QuartzCore.framework in Frameworks */,
				02C8A2CC14C97CC00021F408 /* MapKit.framework in Frameworks */,
				02C8A2B514C97CA60021F408 /* UIKit.framework in Frameworks */,
				02C8A2B714C97CA60021F408 /* Foundation.framework in Frameworks */,
				02C8A2B914C97CA60021F408 /* CoreGraphics.framework in Frameworks */,
				02AA5E3814D59768004CE70D /* CoreLocation.framework in Frameworks */,
			);
			runOnlyForDeploymentPostprocessing = 0;
		};
/* End PBXFrameworksBuildPhase section */

/* Begin PBXGroup section */
		02C8A2A514C97CA60021F408 = {
			isa = PBXGroup;
			children = (
				02C8A2BA14C97CA60021F408 /* Interface Export */,
				02C8A2B314C97CA60021F408 /* Frameworks */,
				02C8A2B114C97CA60021F408 /* Products */,
			);
			sourceTree = "<group>";
		};
		02C8A2B114C97CA60021F408 /* Products */ = {
			isa = PBXGroup;
			children = (
				02C8A2B014C97CA60021F408 /* Interface Export.app */,
			);
			name = Products;
			sourceTree = "<group>";
		};
		02C8A2B314C97CA60021F408 /* Frameworks */ = {
			isa = PBXGroup;
			children = (
				02AA5E3714D59768004CE70D /* CoreLocation.framework */,
				02C8A2CD14C97CC80021F408 /* QuartzCore.framework */,
				02C8A2CB14C97CC00021F408 /* MapKit.framework */,
				02C8A2B414C97CA60021F408 /* UIKit.framework */,
				02C8A2B614C97CA60021F408 /* Foundation.framework */,
				02C8A2B814C97CA60021F408 /* CoreGraphics.framework */,
			);
			name = Frameworks;
			sourceTree = "<group>";
		};
		02C8A2BA14C97CA60021F408 /* Interface Export */ = {
			isa = PBXGroup;
			children = (
				02C8A2C314C97CA60021F408 /* IFAppDelegate.h */,
				02C8A2C414C97CA60021F408 /* IFAppDelegate.m */,
				720FB0C76C9FD5E735E31C98 /* MainScreenViewController.h */,
				A8FED3496425313A0D662DF7 /* MainScreenViewController.m */,
				9F84CCE630AD9DE230971FE0 /* ShareLogViewController.h */,
				B6B6EE88A08252231C7F2392 /* ShareLogViewController.m */,
				C3120C3C9C749229C902A8A1 /* DoctorSInfoViewController.h */,
				6C23B63DBD093217172231D1 /* DoctorSInfoViewController.m */,
				F09725590ED2384C401B65D4 /* MedicineListViewController.h */,
				69BEA2A4C35D98F715659A64 /* MedicineListViewController.m */,
				3B03766194F932B915BC82A5 /* LogListViewController.h */,
				4FDBC1CAB47ADF5F1060941D /* LogListViewController.m */,
				8D4C10EF3FFCFD5FD158CB08 /* SettingsViewController.h */,
				924C577A16FBEF84004865AF /* MainScreenViewController_Image_2.png */,
				FCFA383967332E5E6B7700A9 /* SettingsViewController.m */,
				D2121D82739BC563C9733156 /* LogInViewController.h */,
				66BCA95ACD22B0EFE5F94F7F /* LogInViewController.m */,
				F30722E4424C256F6401CBDD /* EditDoctorSInfoViewController.h */,
				052658C1A7AC38FB097CBC88 /* EditDoctorSInfoViewController.m */,
				0AE1F8C0E1DAF2B2B7F277A6 /* EditLogEntryViewController.h */,
				7F4B14EC5FD48A05992E5772 /* EditLogEntryViewController.m */,
				BC8B4CD3204CAED81E66B236 /* EditPersonalInfoViewController.h */,
				F612030F3058AA2B68898A3E /* EditPersonalInfoViewController.m */,
				416BC2C260443C701CC31399 /* LogEntryViewController.h */,
				A70071A80B97781F1C65288A /* LogEntryViewController.m */,
				776409082E77810979AB5394 /* MainScreenViewController_Image_1.png */,
				CA826413C0D56BCD00524B0C /* MainScreenViewController_Image_3.png */,
				521C53D711087EB2AC563C98 /* MainScreenViewController_Image_4.png */,
				52AC0630122D1A0EBA6C622D /* MainScreenViewController_Image_5.png */,
				F510B500D0BF13C1DD60BD8D /* MainScreenViewController_Image_6.png */,
				68BC42A3334F78242D25AEAB /* DoctorSInfoViewController_Image_1.png */,
				9D16CE79EF5DAB9470033989 /* DoctorSInfoViewController_Image_2.png */,
				D938DB42633BFB4160F5321D /* DoctorSInfoViewController_Image_3.png */,
				84F844552EA39FF66FE008D8 /* DoctorSInfoViewController_Image_4.png */,
				8FFC6DC44CD71EB3110B5882 /* MedicineListViewController_Image_1.png */,
				955393A935A411E5BF20748C /* MedicineListViewController_Image_2.png */,
				7BF50773A45E9604EBADE300 /* MedicineListViewController_Image_3.png */,
				C87CCA8BA36488D792E82CEF /* MedicineListViewController_Image_4.png */,
				03F58A51B9F785DD998BBB76 /* MedicineListViewController_Image_5.png */,
				CF6C25B0F5212ED10202A6DE /* LogListViewController_Image_1.png */,
				155ADDC71D6A38495922D39B /* SettingsViewController_Image_1.png */,
				6BBD8E4F62065DB0FF4E64E5 /* SettingsViewController_Image_2.png */,
				05C3826F610BD0371FB2D6E8 /* SettingsViewController_Image_3.png */,
				7F07D26BD25F29AA98E31329 /* SettingsViewController_Image_4.png */,
				144154E10BA773AC20021D78 /* SettingsViewController_Image_5.png */,
				02C8A2BB14C97CA60021F408 /* Supporting Files */,
			);
			path = "Interface Export";
			sourceTree = "<group>";
		};
		02C8A2BB14C97CA60021F408 /* Supporting Files */ = {
			isa = PBXGroup;
			children = (
				02AA5E0514D57AF2004CE70D /* Gradient.h */,
				02AA5E0614D57AF2004CE70D /* Gradient.m */,
				02AA5E0714D57AF2004CE70D /* GradientNode.h */,
				02AA5E0814D57AF2004CE70D /* GradientNode.m */,
				02AA5E0914D57AF2004CE70D /* GradientView.h */,
				02AA5E0A14D57AF2004CE70D /* GradientView.m */,
				02AA5E3A14D597DB004CE70D /* MKMapView+ZoomLevel.h */,
				02AA5E3B14D597DB004CE70D /* MKMapView+ZoomLevel.m */,
				02C8A2BC14C97CA60021F408 /* Interface Export-Info.plist */,
				02C8A2BD14C97CA60021F408 /* InfoPlist.strings */,
				02C8A2C014C97CA60021F408 /* main.m */,
				02C8A2C214C97CA60021F408 /* Interface Export-Prefix.pch */,
			);
			name = "Supporting Files";
			sourceTree = "<group>";
		};
/* End PBXGroup section */

/* Begin PBXNativeTarget section */
		02C8A2AF14C97CA60021F408 /* Interface Export */ = {
			isa = PBXNativeTarget;
			buildConfigurationList = 02C8A2C814C97CA60021F408 /* Build configuration list for PBXNativeTarget "Interface Export" */;
			buildPhases = (
				02C8A2AC14C97CA60021F408 /* Sources */,
				02C8A2AD14C97CA60021F408 /* Frameworks */,
				02C8A2AE14C97CA60021F408 /* Resources */,
			);
			buildRules = (
			);
			dependencies = (
			);
			name = "Interface Export";
			productName = "Interface Export";
			productReference = 02C8A2B014C97CA60021F408 /* Interface Export.app */;
			productType = "com.apple.product-type.application";
		};
/* End PBXNativeTarget section */

/* Begin PBXProject section */
		02C8A2A714C97CA60021F408 /* Project object */ = {
			isa = PBXProject;
			attributes = {
				LastUpgradeCheck = 0420;
				ORGANIZATIONNAME = "Less Code Limited";
			};
			buildConfigurationList = 02C8A2AA14C97CA60021F408 /* Build configuration list for PBXProject "Interface Export" */;
			compatibilityVersion = "Xcode 3.2";
			developmentRegion = English;
			hasScannedForEncodings = 0;
			knownRegions = (
				en,
			);
			mainGroup = 02C8A2A514C97CA60021F408;
			productRefGroup = 02C8A2B114C97CA60021F408 /* Products */;
			projectDirPath = "";
			projectRoot = "";
			targets = (
				02C8A2AF14C97CA60021F408 /* Interface Export */,
			);
		};
/* End PBXProject section */

/* Begin PBXResourcesBuildPhase section */
		02C8A2AE14C97CA60021F408 /* Resources */ = {
			isa = PBXResourcesBuildPhase;
			buildActionMask = 2147483647;
			files = (
				02C8A2BF14C97CA60021F408 /* InfoPlist.strings in Resources */,
				5049BFC61D0285E9468601CD /* MainScreenViewController_Image_1.png in Resources */,
				A33D85C4C9D582A6B89E63A5 /* MainScreenViewController_Image_3.png in Resources */,
				7EA1CEF2B0529C5AB73A9C35 /* MainScreenViewController_Image_4.png in Resources */,
				BF854C75289627F5246FEEDC /* MainScreenViewController_Image_5.png in Resources */,
				33D6DEF111C570178163337B /* MainScreenViewController_Image_6.png in Resources */,
				EF2A4D2207B3FA56F3C27F9A /* DoctorSInfoViewController_Image_1.png in Resources */,
				D55FA3D08D310337465C7D2C /* DoctorSInfoViewController_Image_2.png in Resources */,
				9E7D0CF134616E0C5A66E4DF /* DoctorSInfoViewController_Image_3.png in Resources */,
				97657613BF07367D130ACD17 /* DoctorSInfoViewController_Image_4.png in Resources */,
				50500B88FAFFC6C3822A6E4A /* MedicineListViewController_Image_1.png in Resources */,
				0A199B9C1C2178CD377EE7F1 /* MedicineListViewController_Image_2.png in Resources */,
				A7B416805716A43A4E823369 /* MedicineListViewController_Image_3.png in Resources */,
				1E9CFA7D6B926C2C1C262069 /* MedicineListViewController_Image_4.png in Resources */,
				8418B4EA6FB5C316638942A7 /* MedicineListViewController_Image_5.png in Resources */,
				E749473491A93BD755454116 /* LogListViewController_Image_1.png in Resources */,
				9F88A0CF48FD1DD7FC8B3F4E /* SettingsViewController_Image_1.png in Resources */,
				9AE5AB676A65B27104A70F41 /* SettingsViewController_Image_2.png in Resources */,
				7F956B07C2CEB0384BBF36C3 /* SettingsViewController_Image_3.png in Resources */,
				D6341612670E8A2EA7904EA4 /* SettingsViewController_Image_4.png in Resources */,
				2CBE85219E34A572543BEF87 /* SettingsViewController_Image_5.png in Resources */,
				924C577B16FBEF84004865AF /* MainScreenViewController_Image_2.png in Resources */,
			);
			runOnlyForDeploymentPostprocessing = 0;
		};
/* End PBXResourcesBuildPhase section */

/* Begin PBXSourcesBuildPhase section */
		02C8A2AC14C97CA60021F408 /* Sources */ = {
			isa = PBXSourcesBuildPhase;
			buildActionMask = 2147483647;
			files = (
				02C8A2C114C97CA60021F408 /* main.m in Sources */,
				02C8A2C514C97CA60021F408 /* IFAppDelegate.m in Sources */,
				02AA5E0B14D57AF2004CE70D /* Gradient.m in Sources */,
				02AA5E0C14D57AF2004CE70D /* GradientNode.m in Sources */,
				02AA5E0D14D57AF2004CE70D /* GradientView.m in Sources */,
				02AA5E3C14D597DB004CE70D /* MKMapView+ZoomLevel.m in Sources */,
				C148432528F851EA6C112618 /* MainScreenViewController.m in Sources */,
				6FB280D9116C2FF7F1CBA557 /* ShareLogViewController.m in Sources */,
				1DF1240912159F1290E670A3 /* DoctorSInfoViewController.m in Sources */,
				C7BE6DD8AB6D15E4A46282DB /* MedicineListViewController.m in Sources */,
				21EEC0571375EA42EC9DEE03 /* LogListViewController.m in Sources */,
				FADACE210B19E8A5435AA092 /* SettingsViewController.m in Sources */,
				D2C1CB0DDAF8A3D3122E61BF /* LogInViewController.m in Sources */,
				7125852C4129B291F27A5F3A /* EditDoctorSInfoViewController.m in Sources */,
				DFE8404DF1E6BDF31A08B4E0 /* EditLogEntryViewController.m in Sources */,
				FD13D9E9863D9265B65FF610 /* EditPersonalInfoViewController.m in Sources */,
				EF3025B0F84869800D06C522 /* LogEntryViewController.m in Sources */,
			);
			runOnlyForDeploymentPostprocessing = 0;
		};
/* End PBXSourcesBuildPhase section */

/* Begin PBXVariantGroup section */
		02C8A2BD14C97CA60021F408 /* InfoPlist.strings */ = {
			isa = PBXVariantGroup;
			children = (
				02C8A2BE14C97CA60021F408 /* en */,
			);
			name = InfoPlist.strings;
			sourceTree = "<group>";
		};
/* End PBXVariantGroup section */

/* Begin XCBuildConfiguration section */
		02C8A2C614C97CA60021F408 /* Debug */ = {
			isa = XCBuildConfiguration;
			buildSettings = {
				ALWAYS_SEARCH_USER_PATHS = NO;
				ARCHS = "$(ARCHS_STANDARD_32_BIT)";
				"CODE_SIGN_IDENTITY[sdk=iphoneos*]" = "iPhone Developer";
				COPY_PHASE_STRIP = NO;
				GCC_C_LANGUAGE_STANDARD = gnu99;
				GCC_DYNAMIC_NO_PIC = NO;
				GCC_OPTIMIZATION_LEVEL = 0;
				GCC_PREPROCESSOR_DEFINITIONS = (
					"DEBUG=1",
					"$(inherited)",
				);
				GCC_SYMBOLS_PRIVATE_EXTERN = NO;
				GCC_VERSION = com.apple.compilers.llvm.clang.1_0;
				GCC_WARN_ABOUT_MISSING_PROTOTYPES = YES;
				GCC_WARN_ABOUT_RETURN_TYPE = YES;
				GCC_WARN_UNUSED_VARIABLE = YES;
				IPHONEOS_DEPLOYMENT_TARGET = 5.0;
				SDKROOT = iphoneos;
			};
			name = Debug;
		};
		02C8A2C714C97CA60021F408 /* Release */ = {
			isa = XCBuildConfiguration;
			buildSettings = {
				ALWAYS_SEARCH_USER_PATHS = NO;
				ARCHS = "$(ARCHS_STANDARD_32_BIT)";
				"CODE_SIGN_IDENTITY[sdk=iphoneos*]" = "iPhone Developer";
				COPY_PHASE_STRIP = YES;
				GCC_C_LANGUAGE_STANDARD = gnu99;
				GCC_VERSION = com.apple.compilers.llvm.clang.1_0;
				GCC_WARN_ABOUT_MISSING_PROTOTYPES = YES;
				GCC_WARN_ABOUT_RETURN_TYPE = YES;
				GCC_WARN_UNUSED_VARIABLE = YES;
				IPHONEOS_DEPLOYMENT_TARGET = 5.0;
				OTHER_CFLAGS = "-DNS_BLOCK_ASSERTIONS=1";
				SDKROOT = iphoneos;
				VALIDATE_PRODUCT = YES;
			};
			name = Release;
		};
		02C8A2C914C97CA60021F408 /* Debug */ = {
			isa = XCBuildConfiguration;
			buildSettings = {
				GCC_PRECOMPILE_PREFIX_HEADER = YES;
				GCC_PREFIX_HEADER = "Interface Export/Interface Export-Prefix.pch";
				INFOPLIST_FILE = "Interface Export/Interface Export-Info.plist";
				PRODUCT_NAME = "$(TARGET_NAME)";
				WRAPPER_EXTENSION = app;
			};
			name = Debug;
		};
		02C8A2CA14C97CA60021F408 /* Release */ = {
			isa = XCBuildConfiguration;
			buildSettings = {
				GCC_PRECOMPILE_PREFIX_HEADER = YES;
				GCC_PREFIX_HEADER = "Interface Export/Interface Export-Prefix.pch";
				INFOPLIST_FILE = "Interface Export/Interface Export-Info.plist";
				PRODUCT_NAME = "$(TARGET_NAME)";
				WRAPPER_EXTENSION = app;
			};
			name = Release;
		};
/* End XCBuildConfiguration section */

/* Begin XCConfigurationList section */
		02C8A2AA14C97CA60021F408 /* Build configuration list for PBXProject "Interface Export" */ = {
			isa = XCConfigurationList;
			buildConfigurations = (
				02C8A2C614C97CA60021F408 /* Debug */,
				02C8A2C714C97CA60021F408 /* Release */,
			);
			defaultConfigurationIsVisible = 0;
			defaultConfigurationName = Release;
		};
		02C8A2C814C97CA60021F408 /* Build configuration list for PBXNativeTarget "Interface Export" */ = {
			isa = XCConfigurationList;
			buildConfigurations = (
				02C8A2C914C97CA60021F408 /* Debug */,
				02C8A2CA14C97CA60021F408 /* Release */,
			);
			defaultConfigurationIsVisible = 0;
			defaultConfigurationName = Release;
		};
/* End XCConfigurationList section */
	};
	rootObject = 02C8A2A714C97CA60021F408 /* Project object */;
}
